// !$*UTF8*$!
{
	archiveVersion = 1;
	classes = {
	};
	objectVersion = 46;
	objects = {

/* Begin PBXBuildFile section */
		C78934061E55A01100DB1951 /* AppDelegate.swift in Sources */ = {isa = PBXBuildFile; fileRef = C78934051E55A01100DB1951 /* AppDelegate.swift */; };
		C78934081E55A01100DB1951 /* ViewController.swift in Sources */ = {isa = PBXBuildFile; fileRef = C78934071E55A01100DB1951 /* ViewController.swift */; };
		C789340B1E55A01100DB1951 /* Main.storyboard in Resources */ = {isa = PBXBuildFile; fileRef = C78934091E55A01100DB1951 /* Main.storyboard */; };
		C789340D1E55A01100DB1951 /* Assets.xcassets in Resources */ = {isa = PBXBuildFile; fileRef = C789340C1E55A01100DB1951 /* Assets.xcassets */; };
		C78934101E55A01100DB1951 /* LaunchScreen.storyboard in Resources */ = {isa = PBXBuildFile; fileRef = C789340E1E55A01100DB1951 /* LaunchScreen.storyboard */; };
		C789341F1E55A19400DB1951 /* bird0.png in Resources */ = {isa = PBXBuildFile; fileRef = C78934181E55A19400DB1951 /* bird0.png */; };
		C78934201E55A19400DB1951 /* bird1.png in Resources */ = {isa = PBXBuildFile; fileRef = C78934191E55A19400DB1951 /* bird1.png */; };
		C78934211E55A19400DB1951 /* bird2.png in Resources */ = {isa = PBXBuildFile; fileRef = C789341A1E55A19400DB1951 /* bird2.png */; };
		C78934221E55A19400DB1951 /* bird3.png in Resources */ = {isa = PBXBuildFile; fileRef = C789341B1E55A19400DB1951 /* bird3.png */; };
		C78934231E55A19400DB1951 /* bird4.png in Resources */ = {isa = PBXBuildFile; fileRef = C789341C1E55A19400DB1951 /* bird4.png */; };
		C78934241E55A19400DB1951 /* bird5.png in Resources */ = {isa = PBXBuildFile; fileRef = C789341D1E55A19400DB1951 /* bird5.png */; };
		C78934251E55A19400DB1951 /* jungle.jpg in Resources */ = {isa = PBXBuildFile; fileRef = C789341E1E55A19400DB1951 /* jungle.jpg */; };
		C78934271E55A1AA00DB1951 /* A+ – Chào Mào Mái Hót.mp3 in Resources */ = {isa = PBXBuildFile; fileRef = C78934261E55A1AA00DB1951 /* A+ – Chào Mào Mái Hót.mp3 */; };
/* End PBXBuildFile section */

/* Begin PBXFileReference section */
		C78934021E55A01100DB1951 /* BirdFly.app */ = {isa = PBXFileReference; explicitFileType = wrapper.application; includeInIndex = 0; path = BirdFly.app; sourceTree = BUILT_PRODUCTS_DIR; };
		C78934051E55A01100DB1951 /* AppDelegate.swift */ = {isa = PBXFileReference; lastKnownFileType = sourcecode.swift; path = AppDelegate.swift; sourceTree = "<group>"; };
		C78934071E55A01100DB1951 /* ViewController.swift */ = {isa = PBXFileReference; lastKnownFileType = sourcecode.swift; path = ViewController.swift; sourceTree = "<group>"; };
		C789340A1E55A01100DB1951 /* Base */ = {isa = PBXFileReference; lastKnownFileType = file.storyboard; name = Base; path = Base.lproj/Main.storyboard; sourceTree = "<group>"; };
		C789340C1E55A01100DB1951 /* Assets.xcassets */ = {isa = PBXFileReference; lastKnownFileType = folder.assetcatalog; path = Assets.xcassets; sourceTree = "<group>"; };
		C789340F1E55A01100DB1951 /* Base */ = {isa = PBXFileReference; lastKnownFileType = file.storyboard; name = Base; path = Base.lproj/LaunchScreen.storyboard; sourceTree = "<group>"; };
		C78934111E55A01100DB1951 /* Info.plist */ = {isa = PBXFileReference; lastKnownFileType = text.plist.xml; path = Info.plist; sourceTree = "<group>"; };
		C78934181E55A19400DB1951 /* bird0.png */ = {isa = PBXFileReference; lastKnownFileType = image.png; path = bird0.png; sourceTree = "<group>"; };
		C78934191E55A19400DB1951 /* bird1.png */ = {isa = PBXFileReference; lastKnownFileType = image.png; path = bird1.png; sourceTree = "<group>"; };
		C789341A1E55A19400DB1951 /* bird2.png */ = {isa = PBXFileReference; lastKnownFileType = image.png; path = bird2.png; sourceTree = "<group>"; };
		C789341B1E55A19400DB1951 /* bird3.png */ = {isa = PBXFileReference; lastKnownFileType = image.png; path = bird3.png; sourceTree = "<group>"; };
		C789341C1E55A19400DB1951 /* bird4.png */ = {isa = PBXFileReference; lastKnownFileType = image.png; path = bird4.png; sourceTree = "<group>"; };
		C789341D1E55A19400DB1951 /* bird5.png */ = {isa = PBXFileReference; lastKnownFileType = image.png; path = bird5.png; sourceTree = "<group>"; };
		C789341E1E55A19400DB1951 /* jungle.jpg */ = {isa = PBXFileReference; lastKnownFileType = image.jpeg; path = jungle.jpg; sourceTree = "<group>"; };
		C78934261E55A1AA00DB1951 /* A+ – Chào Mào Mái Hót.mp3 */ = {isa = PBXFileReference; lastKnownFileType = audio.mp3; path = "A+ – Chào Mào Mái Hót.mp3"; sourceTree = "<group>"; };
/* End PBXFileReference section */

/* Begin PBXFrameworksBuildPhase section */
		C78933FF1E55A01100DB1951 /* Frameworks */ = {
			isa = PBXFrameworksBuildPhase;
			buildActionMask = 2147483647;
			files = (
			);
			runOnlyForDeploymentPostprocessing = 0;
		};
/* End PBXFrameworksBuildPhase section */

/* Begin PBXGroup section */
		C78933F91E55A01100DB1951 = {
			isa = PBXGroup;
			children = (
				C78934041E55A01100DB1951 /* BirdFly */,
				C78934031E55A01100DB1951 /* Products */,
			);
			sourceTree = "<group>";
		};
		C78934031E55A01100DB1951 /* Products */ = {
			isa = PBXGroup;
			children = (
				C78934021E55A01100DB1951 /* BirdFly.app */,
			);
			name = Products;
			sourceTree = "<group>";
		};
		C78934041E55A01100DB1951 /* BirdFly */ = {
			isa = PBXGroup;
			children = (
				C78934051E55A01100DB1951 /* AppDelegate.swift */,
				C78934071E55A01100DB1951 /* ViewController.swift */,
				C78934091E55A01100DB1951 /* Main.storyboard */,
				C789340C1E55A01100DB1951 /* Assets.xcassets */,
				C789340E1E55A01100DB1951 /* LaunchScreen.storyboard */,
				C78934111E55A01100DB1951 /* Info.plist */,
				C78934261E55A1AA00DB1951 /* A+ – Chào Mào Mái Hót.mp3 */,
				C78934171E55A17700DB1951 /* imgBird */,
			);
			path = BirdFly;
			sourceTree = "<group>";
		};
		C78934171E55A17700DB1951 /* imgBird */ = {
			isa = PBXGroup;
			children = (
				C78934181E55A19400DB1951 /* bird0.png */,
				C78934191E55A19400DB1951 /* bird1.png */,
				C789341A1E55A19400DB1951 /* bird2.png */,
				C789341B1E55A19400DB1951 /* bird3.png */,
				C789341C1E55A19400DB1951 /* bird4.png */,
				C789341D1E55A19400DB1951 /* bird5.png */,
				C789341E1E55A19400DB1951 /* jungle.jpg */,
			);
			name = imgBird;
			sourceTree = "<group>";
		};
/* End PBXGroup section */

/* Begin PBXNativeTarget section */
		C78934011E55A01100DB1951 /* BirdFly */ = {
			isa = PBXNativeTarget;
			buildConfigurationList = C78934141E55A01100DB1951 /* Build configuration list for PBXNativeTarget "BirdFly" */;
			buildPhases = (
				C78933FE1E55A01100DB1951 /* Sources */,
				C78933FF1E55A01100DB1951 /* Frameworks */,
				C78934001E55A01100DB1951 /* Resources */,
			);
			buildRules = (
			);
			dependencies = (
			);
			name = BirdFly;
			productName = BirdFly;
			productReference = C78934021E55A01100DB1951 /* BirdFly.app */;
			productType = "com.apple.product-type.application";
		};
/* End PBXNativeTarget section */

/* Begin PBXProject section */
		C78933FA1E55A01100DB1951 /* Project object */ = {
			isa = PBXProject;
			attributes = {
				LastSwiftUpdateCheck = 0820;
				LastUpgradeCheck = 0820;
				ORGANIZATIONNAME = TTung;
				TargetAttributes = {
					C78934011E55A01100DB1951 = {
						CreatedOnToolsVersion = 8.2.1;
						ProvisioningStyle = Automatic;
					};
				};
			};
			buildConfigurationList = C78933FD1E55A01100DB1951 /* Build configuration list for PBXProject "BirdFly" */;
			compatibilityVersion = "Xcode 3.2";
			developmentRegion = English;
			hasScannedForEncodings = 0;
			knownRegions = (
				en,
				Base,
			);
			mainGroup = C78933F91E55A01100DB1951;
			productRefGroup = C78934031E55A01100DB1951 /* Products */;
			projectDirPath = "";
			projectRoot = "";
			targets = (
				C78934011E55A01100DB1951 /* BirdFly */,
			);
		};
/* End PBXProject section */

/* Begin PBXResourcesBuildPhase section */
		C78934001E55A01100DB1951 /* Resources */ = {
			isa = PBXResourcesBuildPhase;
			buildActionMask = 2147483647;
			files = (
				C78934201E55A19400DB1951 /* bird1.png in Resources */,
				C78934271E55A1AA00DB1951 /* A+ – Chào Mào Mái Hót.mp3 in Resources */,
				C78934231E55A19400DB1951 /* bird4.png in Resources */,
				C78934241E55A19400DB1951 /* bird5.png in Resources */,
				C78934101E55A01100DB1951 /* LaunchScreen.storyboard in Resources */,
				C78934251E55A19400DB1951 /* jungle.jpg in Resources */,
				C789341F1E55A19400DB1951 /* bird0.png in Resources */,
				C789340D1E55A01100DB1951 /* Assets.xcassets in Resources */,
				C789340B1E55A01100DB1951 /* Main.storyboard in Resources */,
				C78934221E55A19400DB1951 /* bird3.png in Resources */,
				C78934211E55A19400DB1951 /* bird2.png in Resources */,
			);
			runOnlyForDeploymentPostprocessing = 0;
		};
/* End PBXResourcesBuildPhase section */

/* Begin PBXSourcesBuildPhase section */
		C78933FE1E55A01100DB1951 /* Sources */ = {
			isa = PBXSourcesBuildPhase;
			buildActionMask = 2147483647;
			files = (
				C78934081E55A01100DB1951 /* ViewController.swift in Sources */,
				C78934061E55A01100DB1951 /* AppDelegate.swift in Sources */,
			);
			runOnlyForDeploymentPostprocessing = 0;
		};
/* End PBXSourcesBuildPhase section */

/* Begin PBXVariantGroup section */
		C78934091E55A01100DB1951 /* Main.storyboard */ = {
			isa = PBXVariantGroup;
			children = (
				C789340A1E55A01100DB1951 /* Base */,
			);
			name = Main.storyboard;
			sourceTree = "<group>";
		};
		C789340E1E55A01100DB1951 /* LaunchScreen.storyboard */ = {
			isa = PBXVariantGroup;
			children = (
				C789340F1E55A01100DB1951 /* Base */,
			);
			name = LaunchScreen.storyboard;
			sourceTree = "<group>";
		};
/* End PBXVariantGroup section */

/* Begin XCBuildConfiguration section */
		C78934121E55A01100DB1951 /* Debug */ = {
			isa = XCBuildConfiguration;
			buildSettings = {
				ALWAYS_SEARCH_USER_PATHS = NO;
				CLANG_ANALYZER_NONNULL = YES;
				CLANG_CXX_LANGUAGE_STANDARD = "gnu++0x";
				CLANG_CXX_LIBRARY = "libc++";
				CLANG_ENABLE_MODULES = YES;
				CLANG_ENABLE_OBJC_ARC = YES;
				CLANG_WARN_BOOL_CONVERSION = YES;
				CLANG_WARN_CONSTANT_CONVERSION = YES;
				CLANG_WARN_DIRECT_OBJC_ISA_USAGE = YES_ERROR;
				CLANG_WARN_DOCUMENTATION_COMMENTS = YES;
				CLANG_WARN_EMPTY_BODY = YES;
				CLANG_WARN_ENUM_CONVERSION = YES;
				CLANG_WARN_INFINITE_RECURSION = YES;
				CLANG_WARN_INT_CONVERSION = YES;
				CLANG_WARN_OBJC_ROOT_CLASS = YES_ERROR;
				CLANG_WARN_SUSPICIOUS_MOVE = YES;
				CLANG_WARN_UNREACHABLE_CODE = YES;
				CLANG_WARN__DUPLICATE_METHOD_MATCH = YES;
				"CODE_SIGN_IDENTITY[sdk=iphoneos*]" = "iPhone Developer";
				COPY_PHASE_STRIP = NO;
				DEBUG_INFORMATION_FORMAT = dwarf;
				ENABLE_STRICT_OBJC_MSGSEND = YES;
				ENABLE_TESTABILITY = YES;
				GCC_C_LANGUAGE_STANDARD = gnu99;
				GCC_DYNAMIC_NO_PIC = NO;
				GCC_NO_COMMON_BLOCKS = YES;
				GCC_OPTIMIZATION_LEVEL = 0;
				GCC_PREPROCESSOR_DEFINITIONS = (
					"DEBUG=1",
					"$(inherited)",
				);
				GCC_WARN_64_TO_32_BIT_CONVERSION = YES;
				GCC_WARN_ABOUT_RETURN_TYPE = YES_ERROR;
				GCC_WARN_UNDECLARED_SELECTOR = YES;
				GCC_WARN_UNINITIALIZED_AUTOS = YES_AGGRESSIVE;
				GCC_WARN_UNUSED_FUNCTION = YES;
				GCC_WARN_UNUSED_VARIABLE = YES;
				IPHONEOS_DEPLOYMENT_TARGET = 10.2;
				MTL_ENABLE_DEBUG_INFO = YES;
				ONLY_ACTIVE_ARCH = YES;
				SDKROOT = iphoneos;
				SWIFT_ACTIVE_COMPILATION_CONDITIONS = DEBUG;
				SWIFT_OPTIMIZATION_LEVEL = "-Onone";
				TARGETED_DEVICE_FAMILY = "1,2";
			};
			name = Debug;
		};
		C78934131E55A01100DB1951 /* Release */ = {
			isa = XCBuildConfiguration;
			buildSettings = {
				ALWAYS_SEARCH_USER_PATHS = NO;
				CLANG_ANALYZER_NONNULL = YES;
				CLANG_CXX_LANGUAGE_STANDARD = "gnu++0x";
				CLANG_CXX_LIBRARY = "libc++";
				CLANG_ENABLE_MODULES = YES;
				CLANG_ENABLE_OBJC_ARC = YES;
				CLANG_WARN_BOOL_CONVERSION = YES;
				CLANG_WARN_CONSTANT_CONVERSION = YES;
				CLANG_WARN_DIRECT_OBJC_ISA_USAGE = YES_ERROR;
				CLANG_WARN_DOCUMENTATION_COMMENTS = YES;
				CLANG_WARN_EMPTY_BODY = YES;
				CLANG_WARN_ENUM_CONVERSION = YES;
				CLANG_WARN_INFINITE_RECURSION = YES;
				CLANG_WARN_INT_CONVERSION = YES;
				CLANG_WARN_OBJC_ROOT_CLASS = YES_ERROR;
				CLANG_WARN_SUSPICIOUS_MOVE = YES;
				CLANG_WARN_UNREACHABLE_CODE = YES;
				CLANG_WARN__DUPLICATE_METHOD_MATCH = YES;
				"CODE_SIGN_IDENTITY[sdk=iphoneos*]" = "iPhone Developer";
				COPY_PHASE_STRIP = NO;
				DEBUG_INFORMATION_FORMAT = "dwarf-with-dsym";
				ENABLE_NS_ASSERTIONS = NO;
				ENABLE_STRICT_OBJC_MSGSEND = YES;
				GCC_C_LANGUAGE_STANDARD = gnu99;
				GCC_NO_COMMON_BLOCKS = YES;
				GCC_WARN_64_TO_32_BIT_CONVERSION = YES;
				GCC_WARN_ABOUT_RETURN_TYPE = YES_ERROR;
				GCC_WARN_UNDECLARED_SELECTOR = YES;
				GCC_WARN_UNINITIALIZED_AUTOS = YES_AGGRESSIVE;
				GCC_WARN_UNUSED_FUNCTION = YES;
				GCC_WARN_UNUSED_VARIABLE = YES;
				IPHONEOS_DEPLOYMENT_TARGET = 10.2;
				MTL_ENABLE_DEBUG_INFO = NO;
				SDKROOT = iphoneos;
				SWIFT_OPTIMIZATION_LEVEL = "-Owholemodule";
				TARGETED_DEVICE_FAMILY = "1,2";
				VALIDATE_PRODUCT = YES;
			};
			name = Release;
		};
		C78934151E55A01100DB1951 /* Debug */ = {
			isa = XCBuildConfiguration;
			buildSettings = {
				ASSETCATALOG_COMPILER_APPICON_NAME = AppIcon;
				INFOPLIST_FILE = BirdFly/Info.plist;
				IPHONEOS_DEPLOYMENT_TARGET = 9.3;
				LD_RUNPATH_SEARCH_PATHS = "$(inherited) @executable_path/Frameworks";
				PRODUCT_BUNDLE_IDENTIFIER = vn.edu.ttung.BirdFly;
				PRODUCT_NAME = "$(TARGET_NAME)";
				SWIFT_VERSION = 3.0;
			};
			name = Debug;
		};
		C78934161E55A01100DB1951 /* Release */ = {
			isa = XCBuildConfiguration;
			buildSettings = {
				ASSETCATALOG_COMPILER_APPICON_NAME = AppIcon;
				INFOPLIST_FILE = BirdFly/Info.plist;
				IPHONEOS_DEPLOYMENT_TARGET = 9.3;
				LD_RUNPATH_SEARCH_PATHS = "$(inherited) @executable_path/Frameworks";
				PRODUCT_BUNDLE_IDENTIFIER = vn.edu.ttung.BirdFly;
				PRODUCT_NAME = "$(TARGET_NAME)";
				SWIFT_VERSION = 3.0;
			};
			name = Release;
		};
/* End XCBuildConfiguration section */

/* Begin XCConfigurationList section */
		C78933FD1E55A01100DB1951 /* Build configuration list for PBXProject "BirdFly" */ = {
			isa = XCConfigurationList;
			buildConfigurations = (
				C78934121E55A01100DB1951 /* Debug */,
				C78934131E55A01100DB1951 /* Release */,
			);
			defaultConfigurationIsVisible = 0;
			defaultConfigurationName = Release;
		};
		C78934141E55A01100DB1951 /* Build configuration list for PBXNativeTarget "BirdFly" */ = {
			isa = XCConfigurationList;
			buildConfigurations = (
				C78934151E55A01100DB1951 /* Debug */,
				C78934161E55A01100DB1951 /* Release */,
			);
			defaultConfigurationIsVisible = 0;
			defaultConfigurationName = Release;
		};
/* End XCConfigurationList section */
	};
	rootObject = C78933FA1E55A01100DB1951 /* Project object */;
}
